
Microsoft Visual Studio Solution File, Format Version 12.00
# Visual Studio Version 16
VisualStudioVersion = 16.0.30907.101
MinimumVisualStudioVersion = 10.0.40219.1
Project("{9A19103F-16F7-4668-BE54-9A1E7A4F7556}") = "Entities", "Entities\Entities.csproj", "{D9D18CB5-CB5E-41B9-B197-A605B6C29839}"
EndProject
Project("{9A19103F-16F7-4668-BE54-9A1E7A4F7556}") = "Business", "Business\Business.csproj", "{00057194-7433-44AE-B09D-F63CB072E113}"
EndProject
Project("{9A19103F-16F7-4668-BE54-9A1E7A4F7556}") = "DataAccess", "DataAccess\DataAccess.csproj", "{DD19EC21-DBD8-4EA4-98BD-ACEB87AB2C7F}"
EndProject
Project("{9A19103F-16F7-4668-BE54-9A1E7A4F7556}") = "ConsoleUI", "ConsoleUI\ConsoleUI.csproj", "{7854D1FE-CF0B-4E01-8BC4-35699B83D1BD}"
EndProject
Project("{9A19103F-16F7-4668-BE54-9A1E7A4F7556}") = "Core", "Core\Core.csproj", "{371BFD72-D44C-4A55-B630-ED4D971FCDC8}"
EndProject
Project("{9A19103F-16F7-4668-BE54-9A1E7A4F7556}") = "WebAPI", "WebAPI\WebAPI.csproj", "{E7A88C59-C3F0-488C-B632-6041C595CA8C}"
EndProject
Global
	GlobalSection(SolutionConfigurationPlatforms) = preSolution
		Debug|Any CPU = Debug|Any CPU
		Release|Any CPU = Release|Any CPU
	EndGlobalSection
	GlobalSection(ProjectConfigurationPlatforms) = postSolution
		{D9D18CB5-CB5E-41B9-B197-A605B6C29839}.Debug|Any CPU.ActiveCfg = Debug|Any CPU
		{D9D18CB5-CB5E-41B9-B197-A605B6C29839}.Debug|Any CPU.Build.0 = Debug|Any CPU
		{D9D18CB5-CB5E-41B9-B197-A605B6C29839}.Release|Any CPU.ActiveCfg = Release|Any CPU
		{D9D18CB5-CB5E-41B9-B197-A605B6C29839}.Release|Any CPU.Build.0 = Release|Any CPU
		{00057194-7433-44AE-B09D-F63CB072E113}.Debug|Any CPU.ActiveCfg = Debug|Any CPU
		{00057194-7433-44AE-B09D-F63CB072E113}.Debug|Any CPU.Build.0 = Debug|Any CPU
		{00057194-7433-44AE-B09D-F63CB072E113}.Release|Any CPU.ActiveCfg = Release|Any CPU
		{00057194-7433-44AE-B09D-F63CB072E113}.Release|Any CPU.Build.0 = Release|Any CPU
		{DD19EC21-DBD8-4EA4-98BD-ACEB87AB2C7F}.Debug|Any CPU.ActiveCfg = Debug|Any CPU
		{DD19EC21-DBD8-4EA4-98BD-ACEB87AB2C7F}.Debug|Any CPU.Build.0 = Debug|Any CPU
		{DD19EC21-DBD8-4EA4-98BD-ACEB87AB2C7F}.Release|Any CPU.ActiveCfg = Release|Any CPU
		{DD19EC21-DBD8-4EA4-98BD-ACEB87AB2C7F}.Release|Any CPU.Build.0 = Release|Any CPU
		{7854D1FE-CF0B-4E01-8BC4-35699B83D1BD}.Debug|Any CPU.ActiveCfg = Debug|Any CPU
		{7854D1FE-CF0B-4E01-8BC4-35699B83D1BD}.Debug|Any CPU.Build.0 = Debug|Any CPU
		{7854D1FE-CF0B-4E01-8BC4-35699B83D1BD}.Release|Any CPU.ActiveCfg = Release|Any CPU
		{7854D1FE-CF0B-4E01-8BC4-35699B83D1BD}.Release|Any CPU.Build.0 = Release|Any CPU
		{371BFD72-D44C-4A55-B630-ED4D971FCDC8}.Debug|Any CPU.ActiveCfg = Debug|Any CPU
		{371BFD72-D44C-4A55-B630-ED4D971FCDC8}.Debug|Any CPU.Build.0 = Debug|Any CPU
		{371BFD72-D44C-4A55-B630-ED4D971FCDC8}.Release|Any CPU.ActiveCfg = Release|Any CPU
		{371BFD72-D44C-4A55-B630-ED4D971FCDC8}.Release|Any CPU.Build.0 = Release|Any CPU
		{E7A88C59-C3F0-488C-B632-6041C595CA8C}.Debug|Any CPU.ActiveCfg = Debug|Any CPU
		{E7A88C59-C3F0-488C-B632-6041C595CA8C}.Debug|Any CPU.Build.0 = Debug|Any CPU
		{E7A88C59-C3F0-488C-B632-6041C595CA8C}.Release|Any CPU.ActiveCfg = Release|Any CPU
		{E7A88C59-C3F0-488C-B632-6041C595CA8C}.Release|Any CPU.Build.0 = Release|Any CPU
	EndGlobalSection
	GlobalSection(SolutionProperties) = preSolution
		HideSolutionNode = FALSE
	EndGlobalSection
	GlobalSection(ExtensibilityGlobals) = postSolution
		SolutionGuid = {3F3FEF16-61CD-4484-AE5E-4A4744DFA1D9}
	EndGlobalSection
EndGlobal
